{
  "pins" : [
    {
      "identity" : "lottie-ios",
      "kind" : "remoteSourceControl",
      "location" : "https://github.com/airbnb/lottie-ios",
      "state" : {
        "revision" : "4e51b71c6ef1b645c9a83de112d627c919143137",
        "version" : "4.1.3"
      }
    },
    {
      "identity" : "plaid-link-ios",
      "kind" : "remoteSourceControl",
      "location" : "https://github.com/plaid/plaid-link-ios",
      "state" : {
        "revision" : "b297fe19a2c43c43ee74ddb90232862446f80f94",
        "version" : "4.2.1"
      }
    }
  ],
  "version" : 2
}
